{
    "_readme": [
        "This file locks the dependencies of your project to a known state",
        "Read more about it at http://getcomposer.org/doc/01-basic-usage.md#composer-lock-the-lock-file"
    ],
    "hash": "ec38d9706d35aa59076999504cb2a0b8",
    "packages": [
        {
            "name": "jkuchar/bigfiletools",
            "version": "1.1.1",
            "source": {
                "type": "git",
                "url": "https://github.com/jkuchar/BigFileTools.git",
                "reference": "87bcfa084a6c1136635004ab58021cc779641de1"
            },
            "dist": {
                "type": "zip",
                "url": "https://api.github.com/repos/jkuchar/BigFileTools/zipball/87bcfa084a6c1136635004ab58021cc779641de1",
                "reference": "87bcfa084a6c1136635004ab58021cc779641de1",
                "shasum": ""
            },
            "require": {
                "php": ">= 5.2.0"
            },
            "type": "library",
            "autoload": {
                "classmap": [
                    "/class"
                ]
            },
            "notification-url": "https://packagist.org/downloads/",
            "license": [
                "New BSD"
            ],
            "authors": [
                {
                    "name": "Jan Kuchař",
                    "homepage": "http://www.jankuchar.cz"
                }
            ],
            "description": "Tools that allows you to manipulate files over 2GB in PHP.",
            "time": "2013-05-27 12:19:57"
        },
        {
            "name": "nette/nette",
            "version": "v2.1.2",
            "source": {
                "type": "git",
                "url": "https://github.com/nette/nette.git",
                "reference": "8065ce5a8879557c7a3e5130cd9162e55fb3a5c4"
            },
            "dist": {
                "type": "zip",
                "url": "https://api.github.com/repos/nette/nette/zipball/8065ce5a8879557c7a3e5130cd9162e55fb3a5c4",
                "reference": "8065ce5a8879557c7a3e5130cd9162e55fb3a5c4",
                "shasum": ""
            },
            "require": {
                "ext-iconv": "*",
                "ext-tokenizer": "*",
                "php": ">=5.3.1"
            },
            "require-dev": {
                "nette/tester": "~1.0.0"
            },
            "suggest": {
                "ext-fileinfo": "*",
                "ext-gd": "*",
                "ext-mbstring": "*",
                "ext-pdo": "*"
            },
            "type": "library",
            "autoload": {
                "classmap": [
                    "Nette/"
                ],
                "files": [
                    "Nette/common/shortcuts.php"
                ]
            },
            "notification-url": "https://packagist.org/downloads/",
            "license": [
                "BSD-3-Clause",
                "GPL-2.0",
                "GPL-3.0"
            ],
            "authors": [
                {
                    "name": "David Grudl",
                    "homepage": "http://davidgrudl.com"
                },
                {
                    "name": "Nette Community",
                    "homepage": "http://nette.org/contributors"
                }
            ],
            "description": "Nette Framework - innovative framework for fast and easy development of secured web applications in PHP. Write less, have cleaner code and your work will bring you joy.",
            "homepage": "http://nette.org",
            "keywords": [
                "Forms",
                "database",
                "debugging",
                "framework",
                "mailing",
                "mvc",
                "templating"
            ],
            "time": "2014-03-17 18:54:21"
        }
    ],
    "packages-dev": [

    ],
    "aliases": [

    ],
    "minimum-stability": "stable",
    "stability-flags": [

    ],
    "platform": {
        "php": ">=5.4"
    },
    "platform-dev": [

    ]
}
